
Microsoft Visual Studio Solution File, Format Version 12.00
# Visual Studio Version 17
VisualStudioVersion = 17.7.34031.279
MinimumVisualStudioVersion = 10.0.40219.1
Project("{9A19103F-16F7-4668-BE54-9A1E7A4F7556}") = "NetSharp", "NetSharp\NetSharp.csproj", "{5D261C14-62EB-4412-863E-B40153ED38A0}"
EndProject
Project("{9A19103F-16F7-4668-BE54-9A1E7A4F7556}") = "Client", "Client\Client.csproj", "{0C80F14C-0D01-4A5A-BC44-02AFED629907}"
EndProject
Project("{9A19103F-16F7-4668-BE54-9A1E7A4F7556}") = "Serv", "Server\Serv.csproj", "{7B415FEF-6031-4C0C-A8BD-F706A0A0DCAC}"
EndProject
Project("{9A19103F-16F7-4668-BE54-9A1E7A4F7556}") = "Client2", "Client2\Client2.csproj", "{E84AAA37-EE5D-4754-B87B-8CCBEBC32BF9}"
EndProject
Project("{9A19103F-16F7-4668-BE54-9A1E7A4F7556}") = "EFSeminar", "EFSeminar\EFSeminar.csproj", "{37FAE9E5-D3CC-4BCF-B5B5-A2BDB16BD8B2}"
EndProject
Project("{2150E333-8FDC-42A3-9474-1A3956D46DE8}") = "Ver 1.0", "Ver 1.0", "{C2253A22-0DAC-4454-8AB9-F155BD82964A}"
EndProject
Project("{2150E333-8FDC-42A3-9474-1A3956D46DE8}") = "Ver 2.0", "Ver 2.0", "{BF49B773-3E12-41B1-BE4E-9C9234712AA2}"
EndProject
Project("{9A19103F-16F7-4668-BE54-9A1E7A4F7556}") = "NetChat2", "NetChat2\NetChat2.csproj", "{A1FF4275-9B01-474C-A51F-1AE54834897C}"
EndProject
Project("{9A19103F-16F7-4668-BE54-9A1E7A4F7556}") = "NetChat2Tests", "NetChat2Tests\NetChat2Tests.csproj", "{0817B419-6323-46D0-8148-347F4B3C2E0A}"
	ProjectSection(ProjectDependencies) = postProject
		{A1FF4275-9B01-474C-A51F-1AE54834897C} = {A1FF4275-9B01-474C-A51F-1AE54834897C}
	EndProjectSection
EndProject
Project("{2150E333-8FDC-42A3-9474-1A3956D46DE8}") = "Ver 3.0", "Ver 3.0", "{69E9F949-C83D-4D3E-9702-8F811DFDE71F}"
EndProject
Project("{FAE04EC0-301F-11D3-BF4B-00C04F79EFBC}") = "ChatAppLib", "ChatAppLib\ChatAppLib.csproj", "{197CA08F-801C-447F-BE15-45138B4F42C1}"
EndProject
Project("{FAE04EC0-301F-11D3-BF4B-00C04F79EFBC}") = "ChatCommonLib", "ChatCommonLib\ChatCommonLib.csproj", "{25CE452B-D9B9-49C0-B647-A932265CFADE}"
EndProject
Project("{FAE04EC0-301F-11D3-BF4B-00C04F79EFBC}") = "ChatDbLib", "ChatDbLib\ChatDbLib.csproj", "{DA3C6A40-F3E1-4EDD-92A5-92887805461D}"
EndProject
Project("{FAE04EC0-301F-11D3-BF4B-00C04F79EFBC}") = "Start", "Start\Start.csproj", "{C9483EE8-2C40-4FF3-9B17-73962D439AC9}"
EndProject
Global
	GlobalSection(SolutionConfigurationPlatforms) = preSolution
		Debug|Any CPU = Debug|Any CPU
		Release|Any CPU = Release|Any CPU
	EndGlobalSection
	GlobalSection(ProjectConfigurationPlatforms) = postSolution
		{5D261C14-62EB-4412-863E-B40153ED38A0}.Debug|Any CPU.ActiveCfg = Debug|Any CPU
		{5D261C14-62EB-4412-863E-B40153ED38A0}.Debug|Any CPU.Build.0 = Debug|Any CPU
		{5D261C14-62EB-4412-863E-B40153ED38A0}.Release|Any CPU.ActiveCfg = Release|Any CPU
		{5D261C14-62EB-4412-863E-B40153ED38A0}.Release|Any CPU.Build.0 = Release|Any CPU
		{0C80F14C-0D01-4A5A-BC44-02AFED629907}.Debug|Any CPU.ActiveCfg = Debug|Any CPU
		{0C80F14C-0D01-4A5A-BC44-02AFED629907}.Debug|Any CPU.Build.0 = Debug|Any CPU
		{0C80F14C-0D01-4A5A-BC44-02AFED629907}.Release|Any CPU.ActiveCfg = Release|Any CPU
		{0C80F14C-0D01-4A5A-BC44-02AFED629907}.Release|Any CPU.Build.0 = Release|Any CPU
		{7B415FEF-6031-4C0C-A8BD-F706A0A0DCAC}.Debug|Any CPU.ActiveCfg = Debug|Any CPU
		{7B415FEF-6031-4C0C-A8BD-F706A0A0DCAC}.Debug|Any CPU.Build.0 = Debug|Any CPU
		{7B415FEF-6031-4C0C-A8BD-F706A0A0DCAC}.Release|Any CPU.ActiveCfg = Release|Any CPU
		{7B415FEF-6031-4C0C-A8BD-F706A0A0DCAC}.Release|Any CPU.Build.0 = Release|Any CPU
		{E84AAA37-EE5D-4754-B87B-8CCBEBC32BF9}.Debug|Any CPU.ActiveCfg = Debug|Any CPU
		{E84AAA37-EE5D-4754-B87B-8CCBEBC32BF9}.Debug|Any CPU.Build.0 = Debug|Any CPU
		{E84AAA37-EE5D-4754-B87B-8CCBEBC32BF9}.Release|Any CPU.ActiveCfg = Release|Any CPU
		{E84AAA37-EE5D-4754-B87B-8CCBEBC32BF9}.Release|Any CPU.Build.0 = Release|Any CPU
		{37FAE9E5-D3CC-4BCF-B5B5-A2BDB16BD8B2}.Debug|Any CPU.ActiveCfg = Debug|Any CPU
		{37FAE9E5-D3CC-4BCF-B5B5-A2BDB16BD8B2}.Debug|Any CPU.Build.0 = Debug|Any CPU
		{37FAE9E5-D3CC-4BCF-B5B5-A2BDB16BD8B2}.Release|Any CPU.ActiveCfg = Release|Any CPU
		{37FAE9E5-D3CC-4BCF-B5B5-A2BDB16BD8B2}.Release|Any CPU.Build.0 = Release|Any CPU
		{A1FF4275-9B01-474C-A51F-1AE54834897C}.Debug|Any CPU.ActiveCfg = Debug|Any CPU
		{A1FF4275-9B01-474C-A51F-1AE54834897C}.Debug|Any CPU.Build.0 = Debug|Any CPU
		{A1FF4275-9B01-474C-A51F-1AE54834897C}.Release|Any CPU.ActiveCfg = Release|Any CPU
		{A1FF4275-9B01-474C-A51F-1AE54834897C}.Release|Any CPU.Build.0 = Release|Any CPU
		{0817B419-6323-46D0-8148-347F4B3C2E0A}.Debug|Any CPU.ActiveCfg = Debug|Any CPU
		{0817B419-6323-46D0-8148-347F4B3C2E0A}.Debug|Any CPU.Build.0 = Debug|Any CPU
		{0817B419-6323-46D0-8148-347F4B3C2E0A}.Release|Any CPU.ActiveCfg = Release|Any CPU
		{0817B419-6323-46D0-8148-347F4B3C2E0A}.Release|Any CPU.Build.0 = Release|Any CPU
		{197CA08F-801C-447F-BE15-45138B4F42C1}.Debug|Any CPU.ActiveCfg = Debug|Any CPU
		{197CA08F-801C-447F-BE15-45138B4F42C1}.Debug|Any CPU.Build.0 = Debug|Any CPU
		{197CA08F-801C-447F-BE15-45138B4F42C1}.Release|Any CPU.ActiveCfg = Release|Any CPU
		{197CA08F-801C-447F-BE15-45138B4F42C1}.Release|Any CPU.Build.0 = Release|Any CPU
		{25CE452B-D9B9-49C0-B647-A932265CFADE}.Debug|Any CPU.ActiveCfg = Debug|Any CPU
		{25CE452B-D9B9-49C0-B647-A932265CFADE}.Debug|Any CPU.Build.0 = Debug|Any CPU
		{25CE452B-D9B9-49C0-B647-A932265CFADE}.Release|Any CPU.ActiveCfg = Release|Any CPU
		{25CE452B-D9B9-49C0-B647-A932265CFADE}.Release|Any CPU.Build.0 = Release|Any CPU
		{DA3C6A40-F3E1-4EDD-92A5-92887805461D}.Debug|Any CPU.ActiveCfg = Debug|Any CPU
		{DA3C6A40-F3E1-4EDD-92A5-92887805461D}.Debug|Any CPU.Build.0 = Debug|Any CPU
		{DA3C6A40-F3E1-4EDD-92A5-92887805461D}.Release|Any CPU.ActiveCfg = Release|Any CPU
		{DA3C6A40-F3E1-4EDD-92A5-92887805461D}.Release|Any CPU.Build.0 = Release|Any CPU
		{C9483EE8-2C40-4FF3-9B17-73962D439AC9}.Debug|Any CPU.ActiveCfg = Debug|Any CPU
		{C9483EE8-2C40-4FF3-9B17-73962D439AC9}.Debug|Any CPU.Build.0 = Debug|Any CPU
		{C9483EE8-2C40-4FF3-9B17-73962D439AC9}.Release|Any CPU.ActiveCfg = Release|Any CPU
		{C9483EE8-2C40-4FF3-9B17-73962D439AC9}.Release|Any CPU.Build.0 = Release|Any CPU
	EndGlobalSection
	GlobalSection(SolutionProperties) = preSolution
		HideSolutionNode = FALSE
	EndGlobalSection
	GlobalSection(NestedProjects) = preSolution
		{5D261C14-62EB-4412-863E-B40153ED38A0} = {C2253A22-0DAC-4454-8AB9-F155BD82964A}
		{0C80F14C-0D01-4A5A-BC44-02AFED629907} = {C2253A22-0DAC-4454-8AB9-F155BD82964A}
		{7B415FEF-6031-4C0C-A8BD-F706A0A0DCAC} = {C2253A22-0DAC-4454-8AB9-F155BD82964A}
		{E84AAA37-EE5D-4754-B87B-8CCBEBC32BF9} = {C2253A22-0DAC-4454-8AB9-F155BD82964A}
		{37FAE9E5-D3CC-4BCF-B5B5-A2BDB16BD8B2} = {C2253A22-0DAC-4454-8AB9-F155BD82964A}
		{A1FF4275-9B01-474C-A51F-1AE54834897C} = {BF49B773-3E12-41B1-BE4E-9C9234712AA2}
		{0817B419-6323-46D0-8148-347F4B3C2E0A} = {BF49B773-3E12-41B1-BE4E-9C9234712AA2}
		{197CA08F-801C-447F-BE15-45138B4F42C1} = {69E9F949-C83D-4D3E-9702-8F811DFDE71F}
		{25CE452B-D9B9-49C0-B647-A932265CFADE} = {69E9F949-C83D-4D3E-9702-8F811DFDE71F}
		{DA3C6A40-F3E1-4EDD-92A5-92887805461D} = {69E9F949-C83D-4D3E-9702-8F811DFDE71F}
		{C9483EE8-2C40-4FF3-9B17-73962D439AC9} = {69E9F949-C83D-4D3E-9702-8F811DFDE71F}
	EndGlobalSection
	GlobalSection(ExtensibilityGlobals) = postSolution
		SolutionGuid = {31FB626F-8526-44C8-8AD7-928A22F6F7B9}
	EndGlobalSection
EndGlobal
